
Microsoft Visual Studio Solution File, Format Version 12.00
# Visual Studio Version 16
VisualStudioVersion = 16.0.29911.84
MinimumVisualStudioVersion = 10.0.40219.1
Project("{FAE04EC0-301F-11D3-BF4B-00C04F79EFBC}") = "CustomVideoPlayer", "VideoPlayer\CustomVideoPlayer.csproj", "{539D165F-CF86-4529-A5C8-25FA04B90886}"
EndProject
Project("{2150E333-8FDC-42A3-9474-1A3956D46DE8}") = "Solution Items", "Solution Items", "{A6575B74-70C4-48B0-9108-FFD19923CBDD}"
	ProjectSection(SolutionItems) = preProject
		.editorconfig = .editorconfig
	EndProjectSection
EndProject
Global
	GlobalSection(SolutionConfigurationPlatforms) = preSolution
		Debug|Any CPU = Debug|Any CPU
		Release|Any CPU = Release|Any CPU
	EndGlobalSection
	GlobalSection(ProjectConfigurationPlatforms) = postSolution
		{539D165F-CF86-4529-A5C8-25FA04B90886}.Debug|Any CPU.ActiveCfg = Debug|Any CPU
		{539D165F-CF86-4529-A5C8-25FA04B90886}.Debug|Any CPU.Build.0 = Debug|Any CPU
		{539D165F-CF86-4529-A5C8-25FA04B90886}.Release|Any CPU.ActiveCfg = Release|Any CPU
		{539D165F-CF86-4529-A5C8-25FA04B90886}.Release|Any CPU.Build.0 = Release|Any CPU
	EndGlobalSection
	GlobalSection(SolutionProperties) = preSolution
		HideSolutionNode = FALSE
	EndGlobalSection
	GlobalSection(ExtensibilityGlobals) = postSolution
		SolutionGuid = {19EB723E-2E01-4C78-9B73-D1A5BE6DA91C}
	EndGlobalSection
EndGlobal
